// !$*UTF8*$!
{
	archiveVersion = 1;
	classes = {
	};
	objectVersion = 56;
	objects = {

/* Begin PBXBuildFile section */
		307196E1296C6DBE0072A035 /* Country_Flag_GameApp.swift in Sources */ = {isa = PBXBuildFile; fileRef = 307196E0296C6DBE0072A035 /* Country_Flag_GameApp.swift */; };
		307196E5296C6DC00072A035 /* Assets.xcassets in Resources */ = {isa = PBXBuildFile; fileRef = 307196E4296C6DC00072A035 /* Assets.xcassets */; };
		307196E8296C6DC00072A035 /* Preview Assets.xcassets in Resources */ = {isa = PBXBuildFile; fileRef = 307196E7296C6DC00072A035 /* Preview Assets.xcassets */; };
		307196F2296C6DC00072A035 /* Country_Flag_GameTests.swift in Sources */ = {isa = PBXBuildFile; fileRef = 307196F1296C6DC00072A035 /* Country_Flag_GameTests.swift */; };
		307196FC296C6DC00072A035 /* Country_Flag_GameUITests.swift in Sources */ = {isa = PBXBuildFile; fileRef = 307196FB296C6DC00072A035 /* Country_Flag_GameUITests.swift */; };
		307196FE296C6DC00072A035 /* Country_Flag_GameUITestsLaunchTests.swift in Sources */ = {isa = PBXBuildFile; fileRef = 307196FD296C6DC00072A035 /* Country_Flag_GameUITestsLaunchTests.swift */; };
		30719745296C72260072A035 /* ContentView.swift in Sources */ = {isa = PBXBuildFile; fileRef = 30719744296C72260072A035 /* ContentView.swift */; };
		30719747296C72B20072A035 /* Question.swift in Sources */ = {isa = PBXBuildFile; fileRef = 30719746296C72B20072A035 /* Question.swift */; };
		30719749296DBB650072A035 /* CustomButton.swift in Sources */ = {isa = PBXBuildFile; fileRef = 30719748296DBB650072A035 /* CustomButton.swift */; };
		3071974B296DBD600072A035 /* ProgressBar.swift in Sources */ = {isa = PBXBuildFile; fileRef = 3071974A296DBD600072A035 /* ProgressBar.swift */; };
		3071974D296DBF150072A035 /* AnswerRow.swift in Sources */ = {isa = PBXBuildFile; fileRef = 3071974C296DBF150072A035 /* AnswerRow.swift */; };
/* End PBXBuildFile section */

/* Begin PBXContainerItemProxy section */
		307196EE296C6DC00072A035 /* PBXContainerItemProxy */ = {
			isa = PBXContainerItemProxy;
			containerPortal = 307196D5296C6DBE0072A035 /* Project object */;
			proxyType = 1;
			remoteGlobalIDString = 307196DC296C6DBE0072A035;
			remoteInfo = "Country Flag Game";
		};
		307196F8296C6DC00072A035 /* PBXContainerItemProxy */ = {
			isa = PBXContainerItemProxy;
			containerPortal = 307196D5296C6DBE0072A035 /* Project object */;
			proxyType = 1;
			remoteGlobalIDString = 307196DC296C6DBE0072A035;
			remoteInfo = "Country Flag Game";
		};
/* End PBXContainerItemProxy section */

/* Begin PBXFileReference section */
		307196DD296C6DBE0072A035 /* Country Flag Game.app */ = {isa = PBXFileReference; explicitFileType = wrapper.application; includeInIndex = 0; path = "Country Flag Game.app"; sourceTree = BUILT_PRODUCTS_DIR; };
		307196E0296C6DBE0072A035 /* Country_Flag_GameApp.swift */ = {isa = PBXFileReference; lastKnownFileType = sourcecode.swift; path = Country_Flag_GameApp.swift; sourceTree = "<group>"; };
		307196E4296C6DC00072A035 /* Assets.xcassets */ = {isa = PBXFileReference; lastKnownFileType = folder.assetcatalog; path = Assets.xcassets; sourceTree = "<group>"; };
		307196E7296C6DC00072A035 /* Preview Assets.xcassets */ = {isa = PBXFileReference; lastKnownFileType = folder.assetcatalog; path = "Preview Assets.xcassets"; sourceTree = "<group>"; };
		307196ED296C6DC00072A035 /* Country Flag GameTests.xctest */ = {isa = PBXFileReference; explicitFileType = wrapper.cfbundle; includeInIndex = 0; path = "Country Flag GameTests.xctest"; sourceTree = BUILT_PRODUCTS_DIR; };
		307196F1296C6DC00072A035 /* Country_Flag_GameTests.swift */ = {isa = PBXFileReference; lastKnownFileType = sourcecode.swift; path = Country_Flag_GameTests.swift; sourceTree = "<group>"; };
		307196F7296C6DC00072A035 /* Country Flag GameUITests.xctest */ = {isa = PBXFileReference; explicitFileType = wrapper.cfbundle; includeInIndex = 0; path = "Country Flag GameUITests.xctest"; sourceTree = BUILT_PRODUCTS_DIR; };
		307196FB296C6DC00072A035 /* Country_Flag_GameUITests.swift */ = {isa = PBXFileReference; lastKnownFileType = sourcecode.swift; path = Country_Flag_GameUITests.swift; sourceTree = "<group>"; };
		307196FD296C6DC00072A035 /* Country_Flag_GameUITestsLaunchTests.swift */ = {isa = PBXFileReference; lastKnownFileType = sourcecode.swift; path = Country_Flag_GameUITestsLaunchTests.swift; sourceTree = "<group>"; };
		30719744296C72260072A035 /* ContentView.swift */ = {isa = PBXFileReference; lastKnownFileType = sourcecode.swift; name = ContentView.swift; path = "Country Flag Game/views/ContentView.swift"; sourceTree = SOURCE_ROOT; };
		30719746296C72B20072A035 /* Question.swift */ = {isa = PBXFileReference; lastKnownFileType = sourcecode.swift; path = Question.swift; sourceTree = "<group>"; };
		30719748296DBB650072A035 /* CustomButton.swift */ = {isa = PBXFileReference; lastKnownFileType = sourcecode.swift; path = CustomButton.swift; sourceTree = "<group>"; };
		3071974A296DBD600072A035 /* ProgressBar.swift */ = {isa = PBXFileReference; lastKnownFileType = sourcecode.swift; path = ProgressBar.swift; sourceTree = "<group>"; };
		3071974C296DBF150072A035 /* AnswerRow.swift */ = {isa = PBXFileReference; lastKnownFileType = sourcecode.swift; path = AnswerRow.swift; sourceTree = "<group>"; };
/* End PBXFileReference section */

/* Begin PBXFrameworksBuildPhase section */
		307196DA296C6DBE0072A035 /* Frameworks */ = {
			isa = PBXFrameworksBuildPhase;
			buildActionMask = 2147483647;
			files = (
			);
			runOnlyForDeploymentPostprocessing = 0;
		};
		307196EA296C6DC00072A035 /* Frameworks */ = {
			isa = PBXFrameworksBuildPhase;
			buildActionMask = 2147483647;
			files = (
			);
			runOnlyForDeploymentPostprocessing = 0;
		};
		307196F4296C6DC00072A035 /* Frameworks */ = {
			isa = PBXFrameworksBuildPhase;
			buildActionMask = 2147483647;
			files = (
			);
			runOnlyForDeploymentPostprocessing = 0;
		};
/* End PBXFrameworksBuildPhase section */

/* Begin PBXGroup section */
		307196D4296C6DBE0072A035 = {
			isa = PBXGroup;
			children = (
				307196DF296C6DBE0072A035 /* Country Flag Game */,
				307196F0296C6DC00072A035 /* Country Flag GameTests */,
				307196FA296C6DC00072A035 /* Country Flag GameUITests */,
				307196DE296C6DBE0072A035 /* Products */,
			);
			sourceTree = "<group>";
		};
		307196DE296C6DBE0072A035 /* Products */ = {
			isa = PBXGroup;
			children = (
				307196DD296C6DBE0072A035 /* Country Flag Game.app */,
				307196ED296C6DC00072A035 /* Country Flag GameTests.xctest */,
				307196F7296C6DC00072A035 /* Country Flag GameUITests.xctest */,
			);
			name = Products;
			sourceTree = "<group>";
		};
		307196DF296C6DBE0072A035 /* Country Flag Game */ = {
			isa = PBXGroup;
			children = (
				307196E0296C6DBE0072A035 /* Country_Flag_GameApp.swift */,
				3071970D296C71880072A035 /* views */,
				3071970C296C71300072A035 /* models */,
				3071970B296C70F70072A035 /* components */,
				307196E4296C6DC00072A035 /* Assets.xcassets */,
				307196E6296C6DC00072A035 /* Preview Content */,
			);
			path = "Country Flag Game";
			sourceTree = "<group>";
		};
		307196E6296C6DC00072A035 /* Preview Content */ = {
			isa = PBXGroup;
			children = (
				307196E7296C6DC00072A035 /* Preview Assets.xcassets */,
			);
			path = "Preview Content";
			sourceTree = "<group>";
		};
		307196F0296C6DC00072A035 /* Country Flag GameTests */ = {
			isa = PBXGroup;
			children = (
				307196F1296C6DC00072A035 /* Country_Flag_GameTests.swift */,
			);
			path = "Country Flag GameTests";
			sourceTree = "<group>";
		};
		307196FA296C6DC00072A035 /* Country Flag GameUITests */ = {
			isa = PBXGroup;
			children = (
				307196FB296C6DC00072A035 /* Country_Flag_GameUITests.swift */,
				307196FD296C6DC00072A035 /* Country_Flag_GameUITestsLaunchTests.swift */,
			);
			path = "Country Flag GameUITests";
			sourceTree = "<group>";
		};
		3071970B296C70F70072A035 /* components */ = {
			isa = PBXGroup;
			children = (
				30719748296DBB650072A035 /* CustomButton.swift */,
				3071974A296DBD600072A035 /* ProgressBar.swift */,
				3071974C296DBF150072A035 /* AnswerRow.swift */,
			);
			path = components;
			sourceTree = "<group>";
		};
		3071970C296C71300072A035 /* models */ = {
			isa = PBXGroup;
			children = (
				30719746296C72B20072A035 /* Question.swift */,
			);
			name = models;
			sourceTree = "<group>";
		};
		3071970D296C71880072A035 /* views */ = {
			isa = PBXGroup;
			children = (
				30719744296C72260072A035 /* ContentView.swift */,
			);
			name = views;
			path = components/views;
			sourceTree = "<group>";
		};
/* End PBXGroup section */

/* Begin PBXNativeTarget section */
		307196DC296C6DBE0072A035 /* Country Flag Game */ = {
			isa = PBXNativeTarget;
			buildConfigurationList = 30719701296C6DC00072A035 /* Build configuration list for PBXNativeTarget "Country Flag Game" */;
			buildPhases = (
				307196D9296C6DBE0072A035 /* Sources */,
				307196DA296C6DBE0072A035 /* Frameworks */,
				307196DB296C6DBE0072A035 /* Resources */,
			);
			buildRules = (
			);
			dependencies = (
			);
			name = "Country Flag Game";
			productName = "Country Flag Game";
			productReference = 307196DD296C6DBE0072A035 /* Country Flag Game.app */;
			productType = "com.apple.product-type.application";
		};
		307196EC296C6DC00072A035 /* Country Flag GameTests */ = {
			isa = PBXNativeTarget;
			buildConfigurationList = 30719704296C6DC00072A035 /* Build configuration list for PBXNativeTarget "Country Flag GameTests" */;
			buildPhases = (
				307196E9296C6DC00072A035 /* Sources */,
				307196EA296C6DC00072A035 /* Frameworks */,
				307196EB296C6DC00072A035 /* Resources */,
			);
			buildRules = (
			);
			dependencies = (
				307196EF296C6DC00072A035 /* PBXTargetDependency */,
			);
			name = "Country Flag GameTests";
			productName = "Country Flag GameTests";
			productReference = 307196ED296C6DC00072A035 /* Country Flag GameTests.xctest */;
			productType = "com.apple.product-type.bundle.unit-test";
		};
		307196F6296C6DC00072A035 /* Country Flag GameUITests */ = {
			isa = PBXNativeTarget;
			buildConfigurationList = 30719707296C6DC00072A035 /* Build configuration list for PBXNativeTarget "Country Flag GameUITests" */;
			buildPhases = (
				307196F3296C6DC00072A035 /* Sources */,
				307196F4296C6DC00072A035 /* Frameworks */,
				307196F5296C6DC00072A035 /* Resources */,
			);
			buildRules = (
			);
			dependencies = (
				307196F9296C6DC00072A035 /* PBXTargetDependency */,
			);
			name = "Country Flag GameUITests";
			productName = "Country Flag GameUITests";
			productReference = 307196F7296C6DC00072A035 /* Country Flag GameUITests.xctest */;
			productType = "com.apple.product-type.bundle.ui-testing";
		};
/* End PBXNativeTarget section */

/* Begin PBXProject section */
		307196D5296C6DBE0072A035 /* Project object */ = {
			isa = PBXProject;
			attributes = {
				BuildIndependentTargetsInParallel = 1;
				LastSwiftUpdateCheck = 1400;
				LastUpgradeCheck = 1400;
				TargetAttributes = {
					307196DC296C6DBE0072A035 = {
						CreatedOnToolsVersion = 14.0.1;
					};
					307196EC296C6DC00072A035 = {
						CreatedOnToolsVersion = 14.0.1;
						TestTargetID = 307196DC296C6DBE0072A035;
					};
					307196F6296C6DC00072A035 = {
						CreatedOnToolsVersion = 14.0.1;
						TestTargetID = 307196DC296C6DBE0072A035;
					};
				};
			};
			buildConfigurationList = 307196D8296C6DBE0072A035 /* Build configuration list for PBXProject "Country Flag Game" */;
			compatibilityVersion = "Xcode 14.0";
			developmentRegion = en;
			hasScannedForEncodings = 0;
			knownRegions = (
				en,
				Base,
			);
			mainGroup = 307196D4296C6DBE0072A035;
			productRefGroup = 307196DE296C6DBE0072A035 /* Products */;
			projectDirPath = "";
			projectRoot = "";
			targets = (
				307196DC296C6DBE0072A035 /* Country Flag Game */,
				307196EC296C6DC00072A035 /* Country Flag GameTests */,
				307196F6296C6DC00072A035 /* Country Flag GameUITests */,
			);
		};
/* End PBXProject section */

/* Begin PBXResourcesBuildPhase section */
		307196DB296C6DBE0072A035 /* Resources */ = {
			isa = PBXResourcesBuildPhase;
			buildActionMask = 2147483647;
			files = (
				307196E8296C6DC00072A035 /* Preview Assets.xcassets in Resources */,
				307196E5296C6DC00072A035 /* Assets.xcassets in Resources */,
			);
			runOnlyForDeploymentPostprocessing = 0;
		};
		307196EB296C6DC00072A035 /* Resources */ = {
			isa = PBXResourcesBuildPhase;
			buildActionMask = 2147483647;
			files = (
			);
			runOnlyForDeploymentPostprocessing = 0;
		};
		307196F5296C6DC00072A035 /* Resources */ = {
			isa = PBXResourcesBuildPhase;
			buildActionMask = 2147483647;
			files = (
			);
			runOnlyForDeploymentPostprocessing = 0;
		};
/* End PBXResourcesBuildPhase section */

/* Begin PBXSourcesBuildPhase section */
		307196D9296C6DBE0072A035 /* Sources */ = {
			isa = PBXSourcesBuildPhase;
			buildActionMask = 2147483647;
			files = (
				30719749296DBB650072A035 /* CustomButton.swift in Sources */,
				30719747296C72B20072A035 /* Question.swift in Sources */,
				30719745296C72260072A035 /* ContentView.swift in Sources */,
				3071974B296DBD600072A035 /* ProgressBar.swift in Sources */,
				3071974D296DBF150072A035 /* AnswerRow.swift in Sources */,
				307196E1296C6DBE0072A035 /* Country_Flag_GameApp.swift in Sources */,
			);
			runOnlyForDeploymentPostprocessing = 0;
		};
		307196E9296C6DC00072A035 /* Sources */ = {
			isa = PBXSourcesBuildPhase;
			buildActionMask = 2147483647;
			files = (
				307196F2296C6DC00072A035 /* Country_Flag_GameTests.swift in Sources */,
			);
			runOnlyForDeploymentPostprocessing = 0;
		};
		307196F3296C6DC00072A035 /* Sources */ = {
			isa = PBXSourcesBuildPhase;
			buildActionMask = 2147483647;
			files = (
				307196FC296C6DC00072A035 /* Country_Flag_GameUITests.swift in Sources */,
				307196FE296C6DC00072A035 /* Country_Flag_GameUITestsLaunchTests.swift in Sources */,
			);
			runOnlyForDeploymentPostprocessing = 0;
		};
/* End PBXSourcesBuildPhase section */

/* Begin PBXTargetDependency section */
		307196EF296C6DC00072A035 /* PBXTargetDependency */ = {
			isa = PBXTargetDependency;
			target = 307196DC296C6DBE0072A035 /* Country Flag Game */;
			targetProxy = 307196EE296C6DC00072A035 /* PBXContainerItemProxy */;
		};
		307196F9296C6DC00072A035 /* PBXTargetDependency */ = {
			isa = PBXTargetDependency;
			target = 307196DC296C6DBE0072A035 /* Country Flag Game */;
			targetProxy = 307196F8296C6DC00072A035 /* PBXContainerItemProxy */;
		};
/* End PBXTargetDependency section */

/* Begin XCBuildConfiguration section */
		307196FF296C6DC00072A035 /* Debug */ = {
			isa = XCBuildConfiguration;
			buildSettings = {
				ALWAYS_SEARCH_USER_PATHS = NO;
				CLANG_ANALYZER_NONNULL = YES;
				CLANG_ANALYZER_NUMBER_OBJECT_CONVERSION = YES_AGGRESSIVE;
				CLANG_CXX_LANGUAGE_STANDARD = "gnu++20";
				CLANG_ENABLE_MODULES = YES;
				CLANG_ENABLE_OBJC_ARC = YES;
				CLANG_ENABLE_OBJC_WEAK = YES;
				CLANG_WARN_BLOCK_CAPTURE_AUTORELEASING = YES;
				CLANG_WARN_BOOL_CONVERSION = YES;
				CLANG_WARN_COMMA = YES;
				CLANG_WARN_CONSTANT_CONVERSION = YES;
				CLANG_WARN_DEPRECATED_OBJC_IMPLEMENTATIONS = YES;
				CLANG_WARN_DIRECT_OBJC_ISA_USAGE = YES_ERROR;
				CLANG_WARN_DOCUMENTATION_COMMENTS = YES;
				CLANG_WARN_EMPTY_BODY = YES;
				CLANG_WARN_ENUM_CONVERSION = YES;
				CLANG_WARN_INFINITE_RECURSION = YES;
				CLANG_WARN_INT_CONVERSION = YES;
				CLANG_WARN_NON_LITERAL_NULL_CONVERSION = YES;
				CLANG_WARN_OBJC_IMPLICIT_RETAIN_SELF = YES;
				CLANG_WARN_OBJC_LITERAL_CONVERSION = YES;
				CLANG_WARN_OBJC_ROOT_CLASS = YES_ERROR;
				CLANG_WARN_QUOTED_INCLUDE_IN_FRAMEWORK_HEADER = YES;
				CLANG_WARN_RANGE_LOOP_ANALYSIS = YES;
				CLANG_WARN_STRICT_PROTOTYPES = YES;
				CLANG_WARN_SUSPICIOUS_MOVE = YES;
				CLANG_WARN_UNGUARDED_AVAILABILITY = YES_AGGRESSIVE;
				CLANG_WARN_UNREACHABLE_CODE = YES;
				CLANG_WARN__DUPLICATE_METHOD_MATCH = YES;
				COPY_PHASE_STRIP = NO;
				DEBUG_INFORMATION_FORMAT = dwarf;
				ENABLE_STRICT_OBJC_MSGSEND = YES;
				ENABLE_TESTABILITY = YES;
				GCC_C_LANGUAGE_STANDARD = gnu11;
				GCC_DYNAMIC_NO_PIC = NO;
				GCC_NO_COMMON_BLOCKS = YES;
				GCC_OPTIMIZATION_LEVEL = 0;
				GCC_PREPROCESSOR_DEFINITIONS = (
					"DEBUG=1",
					"$(inherited)",
				);
				GCC_WARN_64_TO_32_BIT_CONVERSION = YES;
				GCC_WARN_ABOUT_RETURN_TYPE = YES_ERROR;
				GCC_WARN_UNDECLARED_SELECTOR = YES;
				GCC_WARN_UNINITIALIZED_AUTOS = YES_AGGRESSIVE;
				GCC_WARN_UNUSED_FUNCTION = YES;
				GCC_WARN_UNUSED_VARIABLE = YES;
				IPHONEOS_DEPLOYMENT_TARGET = 16.0;
				MTL_ENABLE_DEBUG_INFO = INCLUDE_SOURCE;
				MTL_FAST_MATH = YES;
				ONLY_ACTIVE_ARCH = YES;
				SDKROOT = iphoneos;
				SWIFT_ACTIVE_COMPILATION_CONDITIONS = DEBUG;
				SWIFT_OPTIMIZATION_LEVEL = "-Onone";
			};
			name = Debug;
		};
		30719700296C6DC00072A035 /* Release */ = {
			isa = XCBuildConfiguration;
			buildSettings = {
				ALWAYS_SEARCH_USER_PATHS = NO;
				CLANG_ANALYZER_NONNULL = YES;
				CLANG_ANALYZER_NUMBER_OBJECT_CONVERSION = YES_AGGRESSIVE;
				CLANG_CXX_LANGUAGE_STANDARD = "gnu++20";
				CLANG_ENABLE_MODULES = YES;
				CLANG_ENABLE_OBJC_ARC = YES;
				CLANG_ENABLE_OBJC_WEAK = YES;
				CLANG_WARN_BLOCK_CAPTURE_AUTORELEASING = YES;
				CLANG_WARN_BOOL_CONVERSION = YES;
				CLANG_WARN_COMMA = YES;
				CLANG_WARN_CONSTANT_CONVERSION = YES;
				CLANG_WARN_DEPRECATED_OBJC_IMPLEMENTATIONS = YES;
				CLANG_WARN_DIRECT_OBJC_ISA_USAGE = YES_ERROR;
				CLANG_WARN_DOCUMENTATION_COMMENTS = YES;
				CLANG_WARN_EMPTY_BODY = YES;
				CLANG_WARN_ENUM_CONVERSION = YES;
				CLANG_WARN_INFINITE_RECURSION = YES;
				CLANG_WARN_INT_CONVERSION = YES;
				CLANG_WARN_NON_LITERAL_NULL_CONVERSION = YES;
				CLANG_WARN_OBJC_IMPLICIT_RETAIN_SELF = YES;
				CLANG_WARN_OBJC_LITERAL_CONVERSION = YES;
				CLANG_WARN_OBJC_ROOT_CLASS = YES_ERROR;
				CLANG_WARN_QUOTED_INCLUDE_IN_FRAMEWORK_HEADER = YES;
				CLANG_WARN_RANGE_LOOP_ANALYSIS = YES;
				CLANG_WARN_STRICT_PROTOTYPES = YES;
				CLANG_WARN_SUSPICIOUS_MOVE = YES;
				CLANG_WARN_UNGUARDED_AVAILABILITY = YES_AGGRESSIVE;
				CLANG_WARN_UNREACHABLE_CODE = YES;
				CLANG_WARN__DUPLICATE_METHOD_MATCH = YES;
				COPY_PHASE_STRIP = NO;
				DEBUG_INFORMATION_FORMAT = "dwarf-with-dsym";
				ENABLE_NS_ASSERTIONS = NO;
				ENABLE_STRICT_OBJC_MSGSEND = YES;
				GCC_C_LANGUAGE_STANDARD = gnu11;
				GCC_NO_COMMON_BLOCKS = YES;
				GCC_WARN_64_TO_32_BIT_CONVERSION = YES;
				GCC_WARN_ABOUT_RETURN_TYPE = YES_ERROR;
				GCC_WARN_UNDECLARED_SELECTOR = YES;
				GCC_WARN_UNINITIALIZED_AUTOS = YES_AGGRESSIVE;
				GCC_WARN_UNUSED_FUNCTION = YES;
				GCC_WARN_UNUSED_VARIABLE = YES;
				IPHONEOS_DEPLOYMENT_TARGET = 16.0;
				MTL_ENABLE_DEBUG_INFO = NO;
				MTL_FAST_MATH = YES;
				SDKROOT = iphoneos;
				SWIFT_COMPILATION_MODE = wholemodule;
				SWIFT_OPTIMIZATION_LEVEL = "-O";
				VALIDATE_PRODUCT = YES;
			};
			name = Release;
		};
		30719702296C6DC00072A035 /* Debug */ = {
			isa = XCBuildConfiguration;
			buildSettings = {
				ASSETCATALOG_COMPILER_APPICON_NAME = AppIcon;
				ASSETCATALOG_COMPILER_GLOBAL_ACCENT_COLOR_NAME = AccentColor;
				CODE_SIGN_STYLE = Automatic;
				CURRENT_PROJECT_VERSION = 1;
				DEVELOPMENT_ASSET_PATHS = "\"Country Flag Game/Preview Content\"";
				DEVELOPMENT_TEAM = NX45SC475G;
				ENABLE_PREVIEWS = YES;
				GENERATE_INFOPLIST_FILE = YES;
				INFOPLIST_KEY_UIApplicationSceneManifest_Generation = YES;
				INFOPLIST_KEY_UIApplicationSupportsIndirectInputEvents = YES;
				INFOPLIST_KEY_UILaunchScreen_Generation = YES;
				INFOPLIST_KEY_UISupportedInterfaceOrientations_iPad = "UIInterfaceOrientationPortrait UIInterfaceOrientationPortraitUpsideDown UIInterfaceOrientationLandscapeLeft UIInterfaceOrientationLandscapeRight";
				INFOPLIST_KEY_UISupportedInterfaceOrientations_iPhone = "UIInterfaceOrientationPortrait UIInterfaceOrientationLandscapeLeft UIInterfaceOrientationLandscapeRight";
				LD_RUNPATH_SEARCH_PATHS = (
					"$(inherited)",
					"@executable_path/Frameworks",
				);
				MARKETING_VERSION = 1.0;
				PRODUCT_BUNDLE_IDENTIFIER = "MApps.Country-Flag-Game";
				PRODUCT_NAME = "$(TARGET_NAME)";
				SWIFT_EMIT_LOC_STRINGS = YES;
				SWIFT_VERSION = 5.0;
				TARGETED_DEVICE_FAMILY = "1,2";
			};
			name = Debug;
		};
		30719703296C6DC00072A035 /* Release */ = {
			isa = XCBuildConfiguration;
			buildSettings = {
				ASSETCATALOG_COMPILER_APPICON_NAME = AppIcon;
				ASSETCATALOG_COMPILER_GLOBAL_ACCENT_COLOR_NAME = AccentColor;
				CODE_SIGN_STYLE = Automatic;
				CURRENT_PROJECT_VERSION = 1;
				DEVELOPMENT_ASSET_PATHS = "\"Country Flag Game/Preview Content\"";
				DEVELOPMENT_TEAM = NX45SC475G;
				ENABLE_PREVIEWS = YES;
				GENERATE_INFOPLIST_FILE = YES;
				INFOPLIST_KEY_UIApplicationSceneManifest_Generation = YES;
				INFOPLIST_KEY_UIApplicationSupportsIndirectInputEvents = YES;
				INFOPLIST_KEY_UILaunchScreen_Generation = YES;
				INFOPLIST_KEY_UISupportedInterfaceOrientations_iPad = "UIInterfaceOrientationPortrait UIInterfaceOrientationPortraitUpsideDown UIInterfaceOrientationLandscapeLeft UIInterfaceOrientationLandscapeRight";
				INFOPLIST_KEY_UISupportedInterfaceOrientations_iPhone = "UIInterfaceOrientationPortrait UIInterfaceOrientationLandscapeLeft UIInterfaceOrientationLandscapeRight";
				LD_RUNPATH_SEARCH_PATHS = (
					"$(inherited)",
					"@executable_path/Frameworks",
				);
				MARKETING_VERSION = 1.0;
				PRODUCT_BUNDLE_IDENTIFIER = "MApps.Country-Flag-Game";
				PRODUCT_NAME = "$(TARGET_NAME)";
				SWIFT_EMIT_LOC_STRINGS = YES;
				SWIFT_VERSION = 5.0;
				TARGETED_DEVICE_FAMILY = "1,2";
			};
			name = Release;
		};
		30719705296C6DC00072A035 /* Debug */ = {
			isa = XCBuildConfiguration;
			buildSettings = {
				ALWAYS_EMBED_SWIFT_STANDARD_LIBRARIES = YES;
				BUNDLE_LOADER = "$(TEST_HOST)";
				CODE_SIGN_STYLE = Automatic;
				CURRENT_PROJECT_VERSION = 1;
				DEVELOPMENT_TEAM = NX45SC475G;
				GENERATE_INFOPLIST_FILE = YES;
				IPHONEOS_DEPLOYMENT_TARGET = 16.0;
				MARKETING_VERSION = 1.0;
				PRODUCT_BUNDLE_IDENTIFIER = "MApps.Country-Flag-GameTests";
				PRODUCT_NAME = "$(TARGET_NAME)";
				SWIFT_EMIT_LOC_STRINGS = NO;
				SWIFT_VERSION = 5.0;
				TARGETED_DEVICE_FAMILY = "1,2";
				TEST_HOST = "$(BUILT_PRODUCTS_DIR)/Country Flag Game.app/$(BUNDLE_EXECUTABLE_FOLDER_PATH)/Country Flag Game";
			};
			name = Debug;
		};
		30719706296C6DC00072A035 /* Release */ = {
			isa = XCBuildConfiguration;
			buildSettings = {
				ALWAYS_EMBED_SWIFT_STANDARD_LIBRARIES = YES;
				BUNDLE_LOADER = "$(TEST_HOST)";
				CODE_SIGN_STYLE = Automatic;
				CURRENT_PROJECT_VERSION = 1;
				DEVELOPMENT_TEAM = NX45SC475G;
				GENERATE_INFOPLIST_FILE = YES;
				IPHONEOS_DEPLOYMENT_TARGET = 16.0;
				MARKETING_VERSION = 1.0;
				PRODUCT_BUNDLE_IDENTIFIER = "MApps.Country-Flag-GameTests";
				PRODUCT_NAME = "$(TARGET_NAME)";
				SWIFT_EMIT_LOC_STRINGS = NO;
				SWIFT_VERSION = 5.0;
				TARGETED_DEVICE_FAMILY = "1,2";
				TEST_HOST = "$(BUILT_PRODUCTS_DIR)/Country Flag Game.app/$(BUNDLE_EXECUTABLE_FOLDER_PATH)/Country Flag Game";
			};
			name = Release;
		};
		30719708296C6DC00072A035 /* Debug */ = {
			isa = XCBuildConfiguration;
			buildSettings = {
				ALWAYS_EMBED_SWIFT_STANDARD_LIBRARIES = YES;
				CODE_SIGN_STYLE = Automatic;
				CURRENT_PROJECT_VERSION = 1;
				DEVELOPMENT_TEAM = NX45SC475G;
				GENERATE_INFOPLIST_FILE = YES;
				MARKETING_VERSION = 1.0;
				PRODUCT_BUNDLE_IDENTIFIER = "MApps.Country-Flag-GameUITests";
				PRODUCT_NAME = "$(TARGET_NAME)";
				SWIFT_EMIT_LOC_STRINGS = NO;
				SWIFT_VERSION = 5.0;
				TARGETED_DEVICE_FAMILY = "1,2";
				TEST_TARGET_NAME = "Country Flag Game";
			};
			name = Debug;
		};
		30719709296C6DC00072A035 /* Release */ = {
			isa = XCBuildConfiguration;
			buildSettings = {
				ALWAYS_EMBED_SWIFT_STANDARD_LIBRARIES = YES;
				CODE_SIGN_STYLE = Automatic;
				CURRENT_PROJECT_VERSION = 1;
				DEVELOPMENT_TEAM = NX45SC475G;
				GENERATE_INFOPLIST_FILE = YES;
				MARKETING_VERSION = 1.0;
				PRODUCT_BUNDLE_IDENTIFIER = "MApps.Country-Flag-GameUITests";
				PRODUCT_NAME = "$(TARGET_NAME)";
				SWIFT_EMIT_LOC_STRINGS = NO;
				SWIFT_VERSION = 5.0;
				TARGETED_DEVICE_FAMILY = "1,2";
				TEST_TARGET_NAME = "Country Flag Game";
			};
			name = Release;
		};
/* End XCBuildConfiguration section */

/* Begin XCConfigurationList section */
		307196D8296C6DBE0072A035 /* Build configuration list for PBXProject "Country Flag Game" */ = {
			isa = XCConfigurationList;
			buildConfigurations = (
				307196FF296C6DC00072A035 /* Debug */,
				30719700296C6DC00072A035 /* Release */,
			);
			defaultConfigurationIsVisible = 0;
			defaultConfigurationName = Release;
		};
		30719701296C6DC00072A035 /* Build configuration list for PBXNativeTarget "Country Flag Game" */ = {
			isa = XCConfigurationList;
			buildConfigurations = (
				30719702296C6DC00072A035 /* Debug */,
				30719703296C6DC00072A035 /* Release */,
			);
			defaultConfigurationIsVisible = 0;
			defaultConfigurationName = Release;
		};
		30719704296C6DC00072A035 /* Build configuration list for PBXNativeTarget "Country Flag GameTests" */ = {
			isa = XCConfigurationList;
			buildConfigurations = (
				30719705296C6DC00072A035 /* Debug */,
				30719706296C6DC00072A035 /* Release */,
			);
			defaultConfigurationIsVisible = 0;
			defaultConfigurationName = Release;
		};
		30719707296C6DC00072A035 /* Build configuration list for PBXNativeTarget "Country Flag GameUITests" */ = {
			isa = XCConfigurationList;
			buildConfigurations = (
				30719708296C6DC00072A035 /* Debug */,
				30719709296C6DC00072A035 /* Release */,
			);
			defaultConfigurationIsVisible = 0;
			defaultConfigurationName = Release;
		};
/* End XCConfigurationList section */
	};
	rootObject = 307196D5296C6DBE0072A035 /* Project object */;
}
